
Microsoft Visual Studio Solution File, Format Version 12.00
# Visual Studio Version 17
VisualStudioVersion = 17.5.33502.453
MinimumVisualStudioVersion = 10.0.40219.1
Project("{FAE04EC0-301F-11D3-BF4B-00C04F79EFBC}") = "AsyncAndWait", "AsyncAndWait.csproj", "{1AA65D23-8428-448C-B6C8-E356257CFF64}"
EndProject
Global
	GlobalSection(SolutionConfigurationPlatforms) = preSolution
		Debug|Any CPU = Debug|Any CPU
		Release|Any CPU = Release|Any CPU
	EndGlobalSection
	GlobalSection(ProjectConfigurationPlatforms) = postSolution
		{1AA65D23-8428-448C-B6C8-E356257CFF64}.Debug|Any CPU.ActiveCfg = Debug|Any CPU
		{1AA65D23-8428-448C-B6C8-E356257CFF64}.Debug|Any CPU.Build.0 = Debug|Any CPU
		{1AA65D23-8428-448C-B6C8-E356257CFF64}.Release|Any CPU.ActiveCfg = Release|Any CPU
		{1AA65D23-8428-448C-B6C8-E356257CFF64}.Release|Any CPU.Build.0 = Release|Any CPU
	EndGlobalSection
	GlobalSection(SolutionProperties) = preSolution
		HideSolutionNode = FALSE
	EndGlobalSection
	GlobalSection(ExtensibilityGlobals) = postSolution
		SolutionGuid = {C2A41826-85C6-45E5-81F2-D971BA4E3540}
	EndGlobalSection
EndGlobal
