
Microsoft Visual Studio Solution File, Format Version 12.00
# Visual Studio Version 17
VisualStudioVersion = 17.5.33502.453
MinimumVisualStudioVersion = 10.0.40219.1
Project("{FAE04EC0-301F-11D3-BF4B-00C04F79EFBC}") = "ThreadRace2", "ThreadRace2.csproj", "{A51ADB0F-EDE4-45DC-B758-949A35AD9EEC}"
EndProject
Global
	GlobalSection(SolutionConfigurationPlatforms) = preSolution
		Debug|Any CPU = Debug|Any CPU
		Release|Any CPU = Release|Any CPU
	EndGlobalSection
	GlobalSection(ProjectConfigurationPlatforms) = postSolution
		{A51ADB0F-EDE4-45DC-B758-949A35AD9EEC}.Debug|Any CPU.ActiveCfg = Debug|Any CPU
		{A51ADB0F-EDE4-45DC-B758-949A35AD9EEC}.Debug|Any CPU.Build.0 = Debug|Any CPU
		{A51ADB0F-EDE4-45DC-B758-949A35AD9EEC}.Release|Any CPU.ActiveCfg = Release|Any CPU
		{A51ADB0F-EDE4-45DC-B758-949A35AD9EEC}.Release|Any CPU.Build.0 = Release|Any CPU
	EndGlobalSection
	GlobalSection(SolutionProperties) = preSolution
		HideSolutionNode = FALSE
	EndGlobalSection
	GlobalSection(ExtensibilityGlobals) = postSolution
		SolutionGuid = {F484557C-36E6-4845-8F72-ACC89CCCD9DA}
	EndGlobalSection
EndGlobal
